
Microsoft Visual Studio Solution File, Format Version 12.00
# Visual Studio Version 16
VisualStudioVersion = 16.0.29025.244
MinimumVisualStudioVersion = 10.0.40219.1
Project("{FAE04EC0-301F-11D3-BF4B-00C04F79EFBC}") = "ASCIIconverter", "ASCIIconverter.csproj", "{A44B2381-CF54-413E-8141-08AB5CD5E060}"
EndProject
Global
	GlobalSection(SolutionConfigurationPlatforms) = preSolution
		Debug|Any CPU = Debug|Any CPU
		Release|Any CPU = Release|Any CPU
	EndGlobalSection
	GlobalSection(ProjectConfigurationPlatforms) = postSolution
		{A44B2381-CF54-413E-8141-08AB5CD5E060}.Debug|Any CPU.ActiveCfg = Debug|Any CPU
		{A44B2381-CF54-413E-8141-08AB5CD5E060}.Debug|Any CPU.Build.0 = Debug|Any CPU
		{A44B2381-CF54-413E-8141-08AB5CD5E060}.Release|Any CPU.ActiveCfg = Release|Any CPU
		{A44B2381-CF54-413E-8141-08AB5CD5E060}.Release|Any CPU.Build.0 = Release|Any CPU
	EndGlobalSection
	GlobalSection(SolutionProperties) = preSolution
		HideSolutionNode = FALSE
	EndGlobalSection
	GlobalSection(ExtensibilityGlobals) = postSolution
		SolutionGuid = {9EAE2A6F-B1CC-47A5-AD9E-5FF3018D9F9B}
	EndGlobalSection
EndGlobal
